
Microsoft Visual Studio Solution File, Format Version 12.00
# Visual Studio Version 17
VisualStudioVersion = 17.0.32112.339
MinimumVisualStudioVersion = 10.0.40219.1
Project("{FAE04EC0-301F-11D3-BF4B-00C04F79EFBC}") = "Triangulos.ConsoleApp", "Triangulos.ConsoleApp\Triangulos.ConsoleApp.csproj", "{0870815E-1029-42A9-A54C-B71072CE3A49}"
EndProject
Global
	GlobalSection(SolutionConfigurationPlatforms) = preSolution
		Debug|Any CPU = Debug|Any CPU
		Release|Any CPU = Release|Any CPU
	EndGlobalSection
	GlobalSection(ProjectConfigurationPlatforms) = postSolution
		{0870815E-1029-42A9-A54C-B71072CE3A49}.Debug|Any CPU.ActiveCfg = Debug|Any CPU
		{0870815E-1029-42A9-A54C-B71072CE3A49}.Debug|Any CPU.Build.0 = Debug|Any CPU
		{0870815E-1029-42A9-A54C-B71072CE3A49}.Release|Any CPU.ActiveCfg = Release|Any CPU
		{0870815E-1029-42A9-A54C-B71072CE3A49}.Release|Any CPU.Build.0 = Release|Any CPU
	EndGlobalSection
	GlobalSection(SolutionProperties) = preSolution
		HideSolutionNode = FALSE
	EndGlobalSection
	GlobalSection(ExtensibilityGlobals) = postSolution
		SolutionGuid = {7F164BDA-1CE9-4B4D-9D6B-8D1EEBE99565}
	EndGlobalSection
EndGlobal
